nuki_block:
  type: block
  merge: true
  items:
    blah: zz

    furry:
      type: confirm
      message: Are our friends furry?
    friend: dog

    beer:
      type: tackle
      template: .
      chdir: fake-tackle
      existing_context: "{{ this }}"

    things:
      type: print
      statement: "{{ stuff }}"


    test_block:
      type: block
      items:
        my_dog:
          type: var
          input: Penny
          when: "{{ friend == 'dog' }}"

    foo:
      type: print
      statement: bar
